<Solution>
  <Folder Name="/Analyzers/" />
  <Folder Name="/Solution Items/">
    <File Path=".gitignore" />
    <File Path="CodingStandards.md" />
    <File Path="LICENCE" />
  </Folder>
  <Project Path="Ama.Enterprise.CRDT.TestHarness/Ama.Enterprise.CRDT.TestHarness.csproj" Id="afe0e391-2e97-4d7c-b6ec-2cc1d8ff638f" />
  <Project Path="Ama.Enterprise.FeatureFlags.UnitTests/Ama.Enterprise.FeatureFlags.UnitTests.csproj" Id="d74539b1-a59f-40bc-81d1-e33de4e85be7" />
  <Project Path="Ama.Enterprise.FeatureFlags/Ama.Enterprise.FeatureFlags.csproj" Id="f29896b4-f84b-45fb-8742-3496884d770e" />
  <Project Path="Ama.Enterprise.P2p.UnitTests/Ama.Enterprise.P2p.UnitTests.csproj" Id="59f1fd65-b40a-4eec-9c39-f99f1665b7f0" />
  <Project Path="Ama.Enterprise.P2p/Ama.Enterprise.P2p.csproj" />
</Solution>
