<Solution>
  <Folder Name="/Analyzers/">
    <Project Path="Ama.Enterprise.CRDT.Analyzers/Ama.Enterprise.CRDT.Analyzers.csproj" Id="ca718036-9dd1-42b1-a53a-158a6336f699" />
    <Project Path="Ama.Enterprise.Project.Analyzers.UnitTests/Ama.Enterprise.Project.Analyzers.UnitTests.csproj" />
    <Project Path="Ama.Enterprise.Project.Analyzers/Ama.Enterprise.Project.Analyzers.csproj" />
  </Folder>
  <Folder Name="/Apps/">
    <File Path="apps-todo.txt" />
  </Folder>
  <Folder Name="/EndProducts/">
    <Project Path="Ama.Enterprise.CRDT.Testing/Ama.Enterprise.CRDT.Testing.csproj" Id="e30d8fc4-45a1-447c-bfb3-64761c771cb4" />
    <Project Path="Ama.Enterprise.FeatureFlags.IntegrationTests/Ama.Enterprise.FeatureFlags.IntegrationTests.csproj" Id="da1f1950-e20a-435a-9bbb-63d942458072" />
    <Project Path="Ama.Enterprise.FeatureFlags.UnitTests/Ama.Enterprise.FeatureFlags.UnitTests.csproj" Id="d74539b1-a59f-40bc-81d1-e33de4e85be7" />
    <Project Path="Ama.Enterprise.FeatureFlags/Ama.Enterprise.FeatureFlags.csproj" Id="f29896b4-f84b-45fb-8742-3496884d770e" />
    <Project Path="Ama.Enterprise.P2p.Telemetry/Ama.Enterprise.P2p.Telemetry.csproj" Id="480acf15-c35b-4d39-bed4-420bcdea75b4" />
  </Folder>
  <Folder Name="/EndProducts/ShowCases/">
    <Project Path="Ama.Enterprise.FeatureFlags.ShowCase/Ama.Enterprise.FeatureFlags.ShowCase.csproj" />
  </Folder>
  <Folder Name="/ShowCases/">
    <Project Path="Ama.Enterprise.CRDT.Distributed.ShowCase/Ama.Enterprise.CRDT.Distributed.ShowCase.csproj" Id="9994275b-bff7-448d-8763-3a41999774cb" />
  </Folder>
  <Folder Name="/Solution Items/">
    <File Path=".github/workflows/ci.yml" />
    <File Path=".github/workflows/publish-nuget-manual.yml" />
    <File Path=".github/workflows/publish-nuget.yml" />
    <File Path=".gitignore" />
    <File Path="CodingStandards.md" />
    <File Path="LICENCE" />
  </Folder>
  <Folder Name="/Tooling/">
    <Project Path="Ama.Enterprise.UnitTests/Ama.Enterprise.UnitTests.csproj" Id="9bf82d30-d760-4e80-976f-f0e53086c9bd" />
  </Folder>
  <Project Path="Ama.Enterprise.CRDT.Distributed.IntegrationTests/Ama.Enterprise.CRDT.Distributed.IntegrationTests.csproj" Id="723052c7-e569-4f76-a331-cb2c00551502" />
  <Project Path="Ama.Enterprise.CRDT.Distributed.TableStorage/Ama.Enterprise.CRDT.Distributed.TableStorage.csproj" Id="b760640c-c398-4458-a771-53ea772b31d2" />
  <Project Path="Ama.Enterprise.CRDT.Distributed.UnitTests/Ama.Enterprise.CRDT.Distributed.UnitTests.csproj" Id="2048c2a6-0842-4d57-a42e-94919ded6fa4" />
  <Project Path="Ama.Enterprise.CRDT.Distributed/Ama.Enterprise.CRDT.Distributed.csproj" Id="2fe2382f-1652-48b6-b2e4-6f07cb4214dc" />
  <Project Path="Ama.Enterprise.CRDT.MessagePack/Ama.Enterprise.CRDT.MessagePack.csproj" Id="a96ff158-4583-485b-9d64-eb52b2b25123" />
  <Project Path="Ama.Enterprise.CRDT.TableStorage/Ama.Enterprise.CRDT.TableStorage.csproj" Id="807a871d-7aad-43f6-83c2-48e62e019c07" />
  <Project Path="Ama.Enterprise.P2p.IntegrationTests/Ama.Enterprise.P2p.IntegrationTests.csproj" Id="15a7eaaf-b3d8-4ec7-a32b-25a409f265c7" />
  <Project Path="Ama.Enterprise.P2p.Kestrel.IntegrationTests/Ama.Enterprise.P2p.Kestrel.IntegrationTests.csproj" Id="03fa3a9e-d41d-41d5-a113-b8d2cfce7298" />
  <Project Path="Ama.Enterprise.P2p.Kestrel/Ama.Enterprise.P2p.Kestrel.csproj" Id="ca40e19b-52d7-41b4-acc9-d5dd7648fb28" />
  <Project Path="Ama.Enterprise.P2p.UnitTests/Ama.Enterprise.P2p.UnitTests.csproj" Id="59f1fd65-b40a-4eec-9c39-f99f1665b7f0" />
  <Project Path="Ama.Enterprise.P2p.WebRTC.AzureEventGrid/Ama.Enterprise.P2p.WebRTC.AzureEventGrid.csproj" Id="6361d480-cc26-480f-a3e4-c4ff5741be59" />
  <Project Path="Ama.Enterprise.P2p.WebRTC.IntegrationTests/Ama.Enterprise.P2p.WebRTC.IntegrationTests.csproj" Id="484d8c43-aa18-41cf-8aef-27615860617d" />
  <Project Path="Ama.Enterprise.P2p.WebRTC.TableStorage/Ama.Enterprise.P2p.WebRTC.TableStorage.csproj" Id="7ef478ba-ea5b-4818-9c5b-aabae5d3485d" />
  <Project Path="Ama.Enterprise.P2p.WebRTC/Ama.Enterprise.P2p.WebRTC.csproj" Id="d60ba049-4e90-41f9-9dab-4b4c4ebdf909" />
  <Project Path="Ama.Enterprise.P2p/Ama.Enterprise.P2p.csproj" />
</Solution>
